
Microsoft Visual Studio Solution File, Format Version 12.00
# Visual Studio Version 17
VisualStudioVersion = 17.11.35327.3
MinimumVisualStudioVersion = 10.0.40219.1
Project("{FAE04EC0-301F-11D3-BF4B-00C04F79EFBC}") = "DigitIdentifier", "DigitIdentifier\DigitIdentifier.csproj", "{D8B4FC0B-97B0-4386-8D9A-9593957C7A84}"
EndProject
Global
	GlobalSection(SolutionConfigurationPlatforms) = preSolution
		Debug|Any CPU = Debug|Any CPU
		Release|Any CPU = Release|Any CPU
	EndGlobalSection
	GlobalSection(ProjectConfigurationPlatforms) = postSolution
		{D8B4FC0B-97B0-4386-8D9A-9593957C7A84}.Debug|Any CPU.ActiveCfg = Debug|Any CPU
		{D8B4FC0B-97B0-4386-8D9A-9593957C7A84}.Debug|Any CPU.Build.0 = Debug|Any CPU
		{D8B4FC0B-97B0-4386-8D9A-9593957C7A84}.Release|Any CPU.ActiveCfg = Release|Any CPU
		{D8B4FC0B-97B0-4386-8D9A-9593957C7A84}.Release|Any CPU.Build.0 = Release|Any CPU
	EndGlobalSection
	GlobalSection(SolutionProperties) = preSolution
		HideSolutionNode = FALSE
	EndGlobalSection
	GlobalSection(ExtensibilityGlobals) = postSolution
		SolutionGuid = {7DE5D7D6-B42A-4F02-A9F5-9D910A45E592}
	EndGlobalSection
EndGlobal
